<?xml version="1.0" encoding="utf-8"?>
<Project ToolsVersion="4.0" xmlns="http://schemas.microsoft.com/developer/msbuild/2003">
  <ItemGroup>
    <Filter Include="PrismEngine">
      <UniqueIdentifier>{A6A834BD-125E-ADB2-9B52-A7890707A4B6}</UniqueIdentifier>
    </Filter>
  </ItemGroup>
  <ItemGroup>
    <ClInclude Include="src\PrismEngine.h" />
    <ClInclude Include="src\PrismEngine\Application.h">
      <Filter>PrismEngine</Filter>
    </ClInclude>
    <ClInclude Include="src\PrismEngine\Core.h">
      <Filter>PrismEngine</Filter>
    </ClInclude>
    <ClInclude Include="src\PrismEngine\Entrypoint.h">
      <Filter>PrismEngine</Filter>
    </ClInclude>
    <ClInclude Include="src\PrismEngine\Log.h">
      <Filter>PrismEngine</Filter>
    </ClInclude>
  </ItemGroup>
  <ItemGroup>
    <ClCompile Include="src\PrismEngine\Application.cpp">
      <Filter>PrismEngine</Filter>
    </ClCompile>
    <ClCompile Include="src\PrismEngine\Log.cpp">
      <Filter>PrismEngine</Filter>
    </ClCompile>
  </ItemGroup>
</Project>